
Microsoft Visual Studio Solution File, Format Version 12.00
# Visual Studio Version 17
VisualStudioVersion = 17.3.32811.315
MinimumVisualStudioVersion = 10.0.40219.1
Project("{8BC9CEB8-8B4A-11D0-8D11-00A0C91BC942}") = "ex02_quad_eq", "ex02_quad_eq\ex02_quad_eq.vcxproj", "{66598AAA-1ACF-4F85-A74F-9E4D989EE4BF}"
EndProject
Global
	GlobalSection(SolutionConfigurationPlatforms) = preSolution
		Debug|x64 = Debug|x64
		Debug|x86 = Debug|x86
		Release|x64 = Release|x64
		Release|x86 = Release|x86
	EndGlobalSection
	GlobalSection(ProjectConfigurationPlatforms) = postSolution
		{66598AAA-1ACF-4F85-A74F-9E4D989EE4BF}.Debug|x64.ActiveCfg = Debug|x64
		{66598AAA-1ACF-4F85-A74F-9E4D989EE4BF}.Debug|x64.Build.0 = Debug|x64
		{66598AAA-1ACF-4F85-A74F-9E4D989EE4BF}.Debug|x86.ActiveCfg = Debug|Win32
		{66598AAA-1ACF-4F85-A74F-9E4D989EE4BF}.Debug|x86.Build.0 = Debug|Win32
		{66598AAA-1ACF-4F85-A74F-9E4D989EE4BF}.Release|x64.ActiveCfg = Release|x64
		{66598AAA-1ACF-4F85-A74F-9E4D989EE4BF}.Release|x64.Build.0 = Release|x64
		{66598AAA-1ACF-4F85-A74F-9E4D989EE4BF}.Release|x86.ActiveCfg = Release|Win32
		{66598AAA-1ACF-4F85-A74F-9E4D989EE4BF}.Release|x86.Build.0 = Release|Win32
	EndGlobalSection
	GlobalSection(SolutionProperties) = preSolution
		HideSolutionNode = FALSE
	EndGlobalSection
	GlobalSection(ExtensibilityGlobals) = postSolution
		SolutionGuid = {01CB3AF9-784F-4D4B-976B-B850D11EFC4B}
	EndGlobalSection
EndGlobal
